# THIS IS AN AUTOGENERATED FILE. DO NOT EDIT THIS FILE DIRECTLY.
# yarn lockfile v1


bindings@~1.2.1:
  version "1.2.1"
  resolved "https://registry.yarnpkg.com/bindings/-/bindings-1.2.1.tgz#14ad6113812d2d37d72e67b4cacb4bb726505f11"

bme280-sensor@^0.1.6:
  version "0.1.6"
  resolved "https://registry.yarnpkg.com/bme280-sensor/-/bme280-sensor-0.1.6.tgz#0a610ac66da8ce68bc9719b9e6d1ff1ab1712752"
  dependencies:
    i2c-bus "^1.2.0"

i2c-bus@^1.2.0:
  version "1.2.1"
  resolved "https://registry.yarnpkg.com/i2c-bus/-/i2c-bus-1.2.1.tgz#2b2a0ecf1c70d1da9a942d9aeddc5aa0fafec451"
  dependencies:
    bindings "~1.2.1"
    nan "~2.5.1"

nan@~2.5.1:
  version "2.5.1"
  resolved "https://registry.yarnpkg.com/nan/-/nan-2.5.1.tgz#d5b01691253326a97a2bbee9e61c55d8d60351e2"
